
Microsoft Visual Studio Solution File, Format Version 12.00
# Visual Studio Version 17
VisualStudioVersion = 17.14.36301.6
MinimumVisualStudioVersion = 10.0.40219.1
Project("{2150E333-8FDC-42A3-9474-1A3956D46DE8}") = "Src", "Src", "{02EA681E-C7D8-13C7-8484-4AC65E1B71E8}"
EndProject
Project("{FAE04EC0-301F-11D3-BF4B-00C04F79EFBC}") = "ToDo_Ui_MVC", "Src\ToDo_Ui_MVC\ToDo_Ui_MVC.csproj", "{C4386320-C318-4C02-85BF-946F3AA0F2DC}"
EndProject
Global
	GlobalSection(SolutionConfigurationPlatforms) = preSolution
		Debug|Any CPU = Debug|Any CPU
		Release|Any CPU = Release|Any CPU
	EndGlobalSection
	GlobalSection(ProjectConfigurationPlatforms) = postSolution
		{C4386320-C318-4C02-85BF-946F3AA0F2DC}.Debug|Any CPU.ActiveCfg = Debug|Any CPU
		{C4386320-C318-4C02-85BF-946F3AA0F2DC}.Debug|Any CPU.Build.0 = Debug|Any CPU
		{C4386320-C318-4C02-85BF-946F3AA0F2DC}.Release|Any CPU.ActiveCfg = Release|Any CPU
		{C4386320-C318-4C02-85BF-946F3AA0F2DC}.Release|Any CPU.Build.0 = Release|Any CPU
	EndGlobalSection
	GlobalSection(SolutionProperties) = preSolution
		HideSolutionNode = FALSE
	EndGlobalSection
	GlobalSection(NestedProjects) = preSolution
		{C4386320-C318-4C02-85BF-946F3AA0F2DC} = {02EA681E-C7D8-13C7-8484-4AC65E1B71E8}
	EndGlobalSection
	GlobalSection(ExtensibilityGlobals) = postSolution
		SolutionGuid = {92C30FDA-3E94-475F-9BF5-597F5135151C}
	EndGlobalSection
EndGlobal
