
Microsoft Visual Studio Solution File, Format Version 12.00
# Visual Studio Version 17
VisualStudioVersion = 17.14.36301.6
MinimumVisualStudioVersion = 10.0.40219.1
Project("{2150E333-8FDC-42A3-9474-1A3956D46DE8}") = "Src", "Src", "{02EA681E-C7D8-13C7-8484-4AC65E1B71E8}"
EndProject
Project("{FAE04EC0-301F-11D3-BF4B-00C04F79EFBC}") = "ToDo_Ui_MVC", "Src\ToDo_Ui_MVC\ToDo_Ui_MVC.csproj", "{C4386320-C318-4C02-85BF-946F3AA0F2DC}"
EndProject
Project("{2150E333-8FDC-42A3-9474-1A3956D46DE8}") = "01.Domain", "01.Domain", "{DCADAC1E-617E-4E5D-8031-3209B27B2055}"
EndProject
Project("{2150E333-8FDC-42A3-9474-1A3956D46DE8}") = "02.Inferastracture", "02.Inferastracture", "{942D256D-B50A-47D0-8840-65B2FE93B4AA}"
EndProject
Project("{2150E333-8FDC-42A3-9474-1A3956D46DE8}") = "03.EndPoint", "03.EndPoint", "{229C4A3E-A6B4-4254-87C4-A24B1F77B788}"
EndProject
Project("{2150E333-8FDC-42A3-9474-1A3956D46DE8}") = "Core", "Core", "{4185F2AB-D50C-4D50-95E6-CBE3F6C14CC1}"
EndProject
Project("{2150E333-8FDC-42A3-9474-1A3956D46DE8}") = "Service", "Service", "{78C37205-F8A6-4F98-9596-16233F1C864C}"
EndProject
Project("{FAE04EC0-301F-11D3-BF4B-00C04F79EFBC}") = "App.Domain.Core", "Src\01.Domain\Core\App.Domain.Core\App.Domain.Core.csproj", "{2C0E372B-7F99-40C4-8E07-644269D52853}"
EndProject
Project("{FAE04EC0-301F-11D3-BF4B-00C04F79EFBC}") = "App.Domain.Service", "Src\01.Domain\Service\App.Domain.Service\App.Domain.Service.csproj", "{A1D5731F-0A0D-46AA-B26B-37AF3C43D23E}"
EndProject
Project("{FAE04EC0-301F-11D3-BF4B-00C04F79EFBC}") = "App.Inferastracture.efcore", "Src\02.Inferastacture\App.Inferastracture.efcore\App.Inferastracture.efcore.csproj", "{FD51997D-7A32-43DB-A2AF-CBB739201810}"
EndProject
Global
	GlobalSection(SolutionConfigurationPlatforms) = preSolution
		Debug|Any CPU = Debug|Any CPU
		Release|Any CPU = Release|Any CPU
	EndGlobalSection
	GlobalSection(ProjectConfigurationPlatforms) = postSolution
		{C4386320-C318-4C02-85BF-946F3AA0F2DC}.Debug|Any CPU.ActiveCfg = Debug|Any CPU
		{C4386320-C318-4C02-85BF-946F3AA0F2DC}.Debug|Any CPU.Build.0 = Debug|Any CPU
		{C4386320-C318-4C02-85BF-946F3AA0F2DC}.Release|Any CPU.ActiveCfg = Release|Any CPU
		{C4386320-C318-4C02-85BF-946F3AA0F2DC}.Release|Any CPU.Build.0 = Release|Any CPU
		{2C0E372B-7F99-40C4-8E07-644269D52853}.Debug|Any CPU.ActiveCfg = Debug|Any CPU
		{2C0E372B-7F99-40C4-8E07-644269D52853}.Debug|Any CPU.Build.0 = Debug|Any CPU
		{2C0E372B-7F99-40C4-8E07-644269D52853}.Release|Any CPU.ActiveCfg = Release|Any CPU
		{2C0E372B-7F99-40C4-8E07-644269D52853}.Release|Any CPU.Build.0 = Release|Any CPU
		{A1D5731F-0A0D-46AA-B26B-37AF3C43D23E}.Debug|Any CPU.ActiveCfg = Debug|Any CPU
		{A1D5731F-0A0D-46AA-B26B-37AF3C43D23E}.Debug|Any CPU.Build.0 = Debug|Any CPU
		{A1D5731F-0A0D-46AA-B26B-37AF3C43D23E}.Release|Any CPU.ActiveCfg = Release|Any CPU
		{A1D5731F-0A0D-46AA-B26B-37AF3C43D23E}.Release|Any CPU.Build.0 = Release|Any CPU
		{FD51997D-7A32-43DB-A2AF-CBB739201810}.Debug|Any CPU.ActiveCfg = Debug|Any CPU
		{FD51997D-7A32-43DB-A2AF-CBB739201810}.Debug|Any CPU.Build.0 = Debug|Any CPU
		{FD51997D-7A32-43DB-A2AF-CBB739201810}.Release|Any CPU.ActiveCfg = Release|Any CPU
		{FD51997D-7A32-43DB-A2AF-CBB739201810}.Release|Any CPU.Build.0 = Release|Any CPU
	EndGlobalSection
	GlobalSection(SolutionProperties) = preSolution
		HideSolutionNode = FALSE
	EndGlobalSection
	GlobalSection(NestedProjects) = preSolution
		{C4386320-C318-4C02-85BF-946F3AA0F2DC} = {229C4A3E-A6B4-4254-87C4-A24B1F77B788}
		{DCADAC1E-617E-4E5D-8031-3209B27B2055} = {02EA681E-C7D8-13C7-8484-4AC65E1B71E8}
		{942D256D-B50A-47D0-8840-65B2FE93B4AA} = {02EA681E-C7D8-13C7-8484-4AC65E1B71E8}
		{229C4A3E-A6B4-4254-87C4-A24B1F77B788} = {02EA681E-C7D8-13C7-8484-4AC65E1B71E8}
		{4185F2AB-D50C-4D50-95E6-CBE3F6C14CC1} = {DCADAC1E-617E-4E5D-8031-3209B27B2055}
		{78C37205-F8A6-4F98-9596-16233F1C864C} = {DCADAC1E-617E-4E5D-8031-3209B27B2055}
		{2C0E372B-7F99-40C4-8E07-644269D52853} = {4185F2AB-D50C-4D50-95E6-CBE3F6C14CC1}
		{A1D5731F-0A0D-46AA-B26B-37AF3C43D23E} = {78C37205-F8A6-4F98-9596-16233F1C864C}
		{FD51997D-7A32-43DB-A2AF-CBB739201810} = {942D256D-B50A-47D0-8840-65B2FE93B4AA}
	EndGlobalSection
	GlobalSection(ExtensibilityGlobals) = postSolution
		SolutionGuid = {92C30FDA-3E94-475F-9BF5-597F5135151C}
	EndGlobalSection
EndGlobal
